{
  "name": "n-body-visulisation",
  "version": "1.0.0",
  "lockfileVersion": 3,
  "requires": true,
  "packages": {
    "": {
      "name": "n-body-visulisation",
      "version": "1.0.0",
      "license": "ISC",
      "dependencies": {
        "n-body_simulation": "^1.0.0"
      }
    },
    "node_modules/n-body_simulation": {
      "version": "1.0.0",
      "resolved": "https://registry.npmjs.org/n-body_simulation/-/n-body_simulation-1.0.0.tgz",
      "integrity": "sha512-YHqHGGYzywc7To+fC6pVF+DShKZ7HXeDaNcsNpTHiELqzxkS1SaMxpfzzgHO5KPbm/WZviftIeC5swvYZEy7BA==",
      "license": "ISC"
    }
  }
}
